
Microsoft Visual Studio Solution File, Format Version 12.00
# Visual Studio Version 17
VisualStudioVersion = 17.0.31903.59
MinimumVisualStudioVersion = 10.0.40219.1
Project("{2150E333-8FDC-42A3-9474-1A3956D46DE8}") = "src", "src", "{9973E62F-A36C-4534-B4A4-340E5DE5A028}"
EndProject
Project("{FAE04EC0-301F-11D3-BF4B-00C04F79EFBC}") = "GDPilot.Core", "src\GDPilot.Core\GDPilot.Core.csproj", "{E2E21FC3-1F4A-4863-AF7B-5AFA031C24AC}"
EndProject
Project("{2150E333-8FDC-42A3-9474-1A3956D46DE8}") = "tests", "tests", "{4E45ED1C-6ECC-442D-907F-6F7EF1C32CCF}"
EndProject
Project("{FAE04EC0-301F-11D3-BF4B-00C04F79EFBC}") = "GDPilot.Core.Tests", "tests\GDPilot.Core.Tests\GDPilot.Core.Tests.csproj", "{B5329E89-E3C9-47DD-A520-54E1B4BD7F61}"
EndProject
Project("{FAE04EC0-301F-11D3-BF4B-00C04F79EFBC}") = "GDPilot.Spike", "src\GDPilot.Spike\GDPilot.Spike.csproj", "{6A0B043F-7AD9-4D20-B83B-91E61A53617B}"
EndProject
Project("{FAE04EC0-301F-11D3-BF4B-00C04F79EFBC}") = "GDPilot.Output", "src\GDPilot.Output\GDPilot.Output.csproj", "{68C0A7F5-A154-4A42-A5C0-97AF7B539D9C}"
EndProject
Project("{FAE04EC0-301F-11D3-BF4B-00C04F79EFBC}") = "GDPilot.Loopback", "src\GDPilot.Loopback\GDPilot.Loopback.csproj", "{384C8610-DD68-4B8D-98FA-E7C505946C43}"
EndProject
Project("{FAE04EC0-301F-11D3-BF4B-00C04F79EFBC}") = "GDPilot.Integration.Tests", "tests\GDPilot.Integration.Tests\GDPilot.Integration.Tests.csproj", "{A9CA66E4-CFEB-44C5-81D5-39C634F3B95F}"
EndProject
Global
	GlobalSection(SolutionConfigurationPlatforms) = preSolution
		Debug|Any CPU = Debug|Any CPU
		Release|Any CPU = Release|Any CPU
	EndGlobalSection
	GlobalSection(SolutionProperties) = preSolution
		HideSolutionNode = FALSE
	EndGlobalSection
	GlobalSection(ProjectConfigurationPlatforms) = postSolution
		{E2E21FC3-1F4A-4863-AF7B-5AFA031C24AC}.Debug|Any CPU.ActiveCfg = Debug|Any CPU
		{E2E21FC3-1F4A-4863-AF7B-5AFA031C24AC}.Debug|Any CPU.Build.0 = Debug|Any CPU
		{E2E21FC3-1F4A-4863-AF7B-5AFA031C24AC}.Release|Any CPU.ActiveCfg = Release|Any CPU
		{E2E21FC3-1F4A-4863-AF7B-5AFA031C24AC}.Release|Any CPU.Build.0 = Release|Any CPU
		{B5329E89-E3C9-47DD-A520-54E1B4BD7F61}.Debug|Any CPU.ActiveCfg = Debug|Any CPU
		{B5329E89-E3C9-47DD-A520-54E1B4BD7F61}.Debug|Any CPU.Build.0 = Debug|Any CPU
		{B5329E89-E3C9-47DD-A520-54E1B4BD7F61}.Release|Any CPU.ActiveCfg = Release|Any CPU
		{B5329E89-E3C9-47DD-A520-54E1B4BD7F61}.Release|Any CPU.Build.0 = Release|Any CPU
		{6A0B043F-7AD9-4D20-B83B-91E61A53617B}.Debug|Any CPU.ActiveCfg = Debug|Any CPU
		{6A0B043F-7AD9-4D20-B83B-91E61A53617B}.Debug|Any CPU.Build.0 = Debug|Any CPU
		{6A0B043F-7AD9-4D20-B83B-91E61A53617B}.Release|Any CPU.ActiveCfg = Release|Any CPU
		{6A0B043F-7AD9-4D20-B83B-91E61A53617B}.Release|Any CPU.Build.0 = Release|Any CPU
		{68C0A7F5-A154-4A42-A5C0-97AF7B539D9C}.Debug|Any CPU.ActiveCfg = Debug|Any CPU
		{68C0A7F5-A154-4A42-A5C0-97AF7B539D9C}.Debug|Any CPU.Build.0 = Debug|Any CPU
		{68C0A7F5-A154-4A42-A5C0-97AF7B539D9C}.Release|Any CPU.ActiveCfg = Release|Any CPU
		{68C0A7F5-A154-4A42-A5C0-97AF7B539D9C}.Release|Any CPU.Build.0 = Release|Any CPU
		{384C8610-DD68-4B8D-98FA-E7C505946C43}.Debug|Any CPU.ActiveCfg = Debug|Any CPU
		{384C8610-DD68-4B8D-98FA-E7C505946C43}.Debug|Any CPU.Build.0 = Debug|Any CPU
		{384C8610-DD68-4B8D-98FA-E7C505946C43}.Release|Any CPU.ActiveCfg = Release|Any CPU
		{384C8610-DD68-4B8D-98FA-E7C505946C43}.Release|Any CPU.Build.0 = Release|Any CPU
		{A9CA66E4-CFEB-44C5-81D5-39C634F3B95F}.Debug|Any CPU.ActiveCfg = Debug|Any CPU
		{A9CA66E4-CFEB-44C5-81D5-39C634F3B95F}.Debug|Any CPU.Build.0 = Debug|Any CPU
		{A9CA66E4-CFEB-44C5-81D5-39C634F3B95F}.Release|Any CPU.ActiveCfg = Release|Any CPU
		{A9CA66E4-CFEB-44C5-81D5-39C634F3B95F}.Release|Any CPU.Build.0 = Release|Any CPU
	EndGlobalSection
	GlobalSection(NestedProjects) = preSolution
		{E2E21FC3-1F4A-4863-AF7B-5AFA031C24AC} = {9973E62F-A36C-4534-B4A4-340E5DE5A028}
		{B5329E89-E3C9-47DD-A520-54E1B4BD7F61} = {4E45ED1C-6ECC-442D-907F-6F7EF1C32CCF}
		{6A0B043F-7AD9-4D20-B83B-91E61A53617B} = {9973E62F-A36C-4534-B4A4-340E5DE5A028}
		{68C0A7F5-A154-4A42-A5C0-97AF7B539D9C} = {9973E62F-A36C-4534-B4A4-340E5DE5A028}
		{384C8610-DD68-4B8D-98FA-E7C505946C43} = {9973E62F-A36C-4534-B4A4-340E5DE5A028}
		{A9CA66E4-CFEB-44C5-81D5-39C634F3B95F} = {4E45ED1C-6ECC-442D-907F-6F7EF1C32CCF}
	EndGlobalSection
EndGlobal
